
Microsoft Visual Studio Solution File, Format Version 12.00
# Visual Studio Version 16
VisualStudioVersion = 16.0.32901.82
MinimumVisualStudioVersion = 10.0.40219.1
Project("{FAE04EC0-301F-11D3-BF4B-00C04F79EFBC}") = "EF_CodeFirstModel", "EF_CodeFirstModel.csproj", "{6B1EF225-FB12-420E-AB35-851CE8508CF7}"
EndProject
Global
	GlobalSection(SolutionConfigurationPlatforms) = preSolution
		Debug|Any CPU = Debug|Any CPU
		Release|Any CPU = Release|Any CPU
	EndGlobalSection
	GlobalSection(ProjectConfigurationPlatforms) = postSolution
		{6B1EF225-FB12-420E-AB35-851CE8508CF7}.Debug|Any CPU.ActiveCfg = Debug|Any CPU
		{6B1EF225-FB12-420E-AB35-851CE8508CF7}.Debug|Any CPU.Build.0 = Debug|Any CPU
		{6B1EF225-FB12-420E-AB35-851CE8508CF7}.Release|Any CPU.ActiveCfg = Release|Any CPU
		{6B1EF225-FB12-420E-AB35-851CE8508CF7}.Release|Any CPU.Build.0 = Release|Any CPU
	EndGlobalSection
	GlobalSection(SolutionProperties) = preSolution
		HideSolutionNode = FALSE
	EndGlobalSection
	GlobalSection(ExtensibilityGlobals) = postSolution
		SolutionGuid = {C4D3626C-4FBB-4477-A646-0F2415A90DE5}
	EndGlobalSection
EndGlobal
